// !$*UTF8*$!
{
	archiveVersion = 1;
	classes = {
	};
	objectVersion = 50;
	objects = {

/* Begin PBXBuildFile section */
		F582A40E26943B19006BF227 /* Meal.swift in Sources */ = {isa = PBXBuildFile; fileRef = F582A40D26943B19006BF227 /* Meal.swift */; };
		F582A412269445D0006BF227 /* Data Manager.swift in Sources */ = {isa = PBXBuildFile; fileRef = F582A411269445D0006BF227 /* Data Manager.swift */; };
		F582A41526944E0D006BF227 /* Extension MealVCDataSourse.swift in Sources */ = {isa = PBXBuildFile; fileRef = F582A41426944E0D006BF227 /* Extension MealVCDataSourse.swift */; };
		F582A41826944F9B006BF227 /* CellController.swift in Sources */ = {isa = PBXBuildFile; fileRef = F582A41726944F9B006BF227 /* CellController.swift */; };
		F582A41B2694C071006BF227 /* MealDetailViewController.swift in Sources */ = {isa = PBXBuildFile; fileRef = F582A41A2694C071006BF227 /* MealDetailViewController.swift */; };
		F582A41E2694C4FD006BF227 /* Extension MealDetailVC.swift in Sources */ = {isa = PBXBuildFile; fileRef = F582A41D2694C4FD006BF227 /* Extension MealDetailVC.swift */; };
		F5C4ED14269432BB003CF9F4 /* AppDelegate.swift in Sources */ = {isa = PBXBuildFile; fileRef = F5C4ED13269432BB003CF9F4 /* AppDelegate.swift */; };
		F5C4ED16269432BB003CF9F4 /* SceneDelegate.swift in Sources */ = {isa = PBXBuildFile; fileRef = F5C4ED15269432BB003CF9F4 /* SceneDelegate.swift */; };
		F5C4ED18269432BB003CF9F4 /* MealViewController.swift in Sources */ = {isa = PBXBuildFile; fileRef = F5C4ED17269432BB003CF9F4 /* MealViewController.swift */; };
		F5C4ED1B269432BB003CF9F4 /* Main.storyboard in Resources */ = {isa = PBXBuildFile; fileRef = F5C4ED19269432BB003CF9F4 /* Main.storyboard */; };
		F5C4ED1D269432BF003CF9F4 /* Assets.xcassets in Resources */ = {isa = PBXBuildFile; fileRef = F5C4ED1C269432BF003CF9F4 /* Assets.xcassets */; };
		F5C4ED20269432BF003CF9F4 /* LaunchScreen.storyboard in Resources */ = {isa = PBXBuildFile; fileRef = F5C4ED1E269432BF003CF9F4 /* LaunchScreen.storyboard */; };
/* End PBXBuildFile section */

/* Begin PBXFileReference section */
		F582A40D26943B19006BF227 /* Meal.swift */ = {isa = PBXFileReference; lastKnownFileType = sourcecode.swift; path = Meal.swift; sourceTree = "<group>"; };
		F582A411269445D0006BF227 /* Data Manager.swift */ = {isa = PBXFileReference; lastKnownFileType = sourcecode.swift; path = "Data Manager.swift"; sourceTree = "<group>"; };
		F582A41426944E0D006BF227 /* Extension MealVCDataSourse.swift */ = {isa = PBXFileReference; lastKnownFileType = sourcecode.swift; path = "Extension MealVCDataSourse.swift"; sourceTree = "<group>"; };
		F582A41726944F9B006BF227 /* CellController.swift */ = {isa = PBXFileReference; lastKnownFileType = sourcecode.swift; path = CellController.swift; sourceTree = "<group>"; };
		F582A41A2694C071006BF227 /* MealDetailViewController.swift */ = {isa = PBXFileReference; lastKnownFileType = sourcecode.swift; path = MealDetailViewController.swift; sourceTree = "<group>"; };
		F582A41D2694C4FD006BF227 /* Extension MealDetailVC.swift */ = {isa = PBXFileReference; lastKnownFileType = sourcecode.swift; path = "Extension MealDetailVC.swift"; sourceTree = "<group>"; };
		F5C4ED10269432BB003CF9F4 /* mvc example.app */ = {isa = PBXFileReference; explicitFileType = wrapper.application; includeInIndex = 0; path = "mvc example.app"; sourceTree = BUILT_PRODUCTS_DIR; };
		F5C4ED13269432BB003CF9F4 /* AppDelegate.swift */ = {isa = PBXFileReference; lastKnownFileType = sourcecode.swift; path = AppDelegate.swift; sourceTree = "<group>"; };
		F5C4ED15269432BB003CF9F4 /* SceneDelegate.swift */ = {isa = PBXFileReference; lastKnownFileType = sourcecode.swift; path = SceneDelegate.swift; sourceTree = "<group>"; };
		F5C4ED17269432BB003CF9F4 /* MealViewController.swift */ = {isa = PBXFileReference; lastKnownFileType = sourcecode.swift; path = MealViewController.swift; sourceTree = "<group>"; };
		F5C4ED1A269432BB003CF9F4 /* Base */ = {isa = PBXFileReference; lastKnownFileType = file.storyboard; name = Base; path = Base.lproj/Main.storyboard; sourceTree = "<group>"; };
		F5C4ED1C269432BF003CF9F4 /* Assets.xcassets */ = {isa = PBXFileReference; lastKnownFileType = folder.assetcatalog; path = Assets.xcassets; sourceTree = "<group>"; };
		F5C4ED1F269432BF003CF9F4 /* Base */ = {isa = PBXFileReference; lastKnownFileType = file.storyboard; name = Base; path = Base.lproj/LaunchScreen.storyboard; sourceTree = "<group>"; };
		F5C4ED21269432BF003CF9F4 /* Info.plist */ = {isa = PBXFileReference; lastKnownFileType = text.plist.xml; name = Info.plist; path = "mvc example/App/Info.plist"; sourceTree = SOURCE_ROOT; };
/* End PBXFileReference section */

/* Begin PBXFrameworksBuildPhase section */
		F5C4ED0D269432BB003CF9F4 /* Frameworks */ = {
			isa = PBXFrameworksBuildPhase;
			buildActionMask = 2147483647;
			files = (
			);
			runOnlyForDeploymentPostprocessing = 0;
		};
/* End PBXFrameworksBuildPhase section */

/* Begin PBXGroup section */
		F582A407269436DD006BF227 /* Models */ = {
			isa = PBXGroup;
			children = (
				F582A40D26943B19006BF227 /* Meal.swift */,
			);
			path = Models;
			sourceTree = "<group>";
		};
		F582A40826943706006BF227 /* Helpers */ = {
			isa = PBXGroup;
			children = (
				F582A411269445D0006BF227 /* Data Manager.swift */,
				F582A41726944F9B006BF227 /* CellController.swift */,
			);
			path = Helpers;
			sourceTree = "<group>";
		};
		F5C4ED07269432BB003CF9F4 = {
			isa = PBXGroup;
			children = (
				F5C4ED12269432BB003CF9F4 /* mvc example */,
				F5C4ED11269432BB003CF9F4 /* Products */,
			);
			sourceTree = "<group>";
		};
		F5C4ED11269432BB003CF9F4 /* Products */ = {
			isa = PBXGroup;
			children = (
				F5C4ED10269432BB003CF9F4 /* mvc example.app */,
			);
			name = Products;
			sourceTree = "<group>";
		};
		F5C4ED12269432BB003CF9F4 /* mvc example */ = {
			isa = PBXGroup;
			children = (
				F582A407269436DD006BF227 /* Models */,
				F5C4ED2A26943467003CF9F4 /* View Controllers */,
				F582A40826943706006BF227 /* Helpers */,
				F5C4ED2826943436003CF9F4 /* App */,
				F5C4ED2B269434A4003CF9F4 /* Storyboards */,
				F5C4ED2C26943618003CF9F4 /* Resources */,
			);
			path = "mvc example";
			sourceTree = "<group>";
		};
		F5C4ED2826943436003CF9F4 /* App */ = {
			isa = PBXGroup;
			children = (
				F5C4ED15269432BB003CF9F4 /* SceneDelegate.swift */,
				F5C4ED21269432BF003CF9F4 /* Info.plist */,
				F5C4ED13269432BB003CF9F4 /* AppDelegate.swift */,
			);
			path = App;
			sourceTree = "<group>";
		};
		F5C4ED2A26943467003CF9F4 /* View Controllers */ = {
			isa = PBXGroup;
			children = (
				F5C4ED17269432BB003CF9F4 /* MealViewController.swift */,
				F582A41426944E0D006BF227 /* Extension MealVCDataSourse.swift */,
				F582A41A2694C071006BF227 /* MealDetailViewController.swift */,
				F582A41D2694C4FD006BF227 /* Extension MealDetailVC.swift */,
			);
			path = "View Controllers";
			sourceTree = "<group>";
		};
		F5C4ED2B269434A4003CF9F4 /* Storyboards */ = {
			isa = PBXGroup;
			children = (
				F5C4ED19269432BB003CF9F4 /* Main.storyboard */,
				F5C4ED1E269432BF003CF9F4 /* LaunchScreen.storyboard */,
			);
			path = Storyboards;
			sourceTree = "<group>";
		};
		F5C4ED2C26943618003CF9F4 /* Resources */ = {
			isa = PBXGroup;
			children = (
				F5C4ED1C269432BF003CF9F4 /* Assets.xcassets */,
			);
			path = Resources;
			sourceTree = "<group>";
		};
/* End PBXGroup section */

/* Begin PBXNativeTarget section */
		F5C4ED0F269432BB003CF9F4 /* mvc example */ = {
			isa = PBXNativeTarget;
			buildConfigurationList = F5C4ED24269432BF003CF9F4 /* Build configuration list for PBXNativeTarget "mvc example" */;
			buildPhases = (
				F5C4ED0C269432BB003CF9F4 /* Sources */,
				F5C4ED0D269432BB003CF9F4 /* Frameworks */,
				F5C4ED0E269432BB003CF9F4 /* Resources */,
			);
			buildRules = (
			);
			dependencies = (
			);
			name = "mvc example";
			productName = "mvc example";
			productReference = F5C4ED10269432BB003CF9F4 /* mvc example.app */;
			productType = "com.apple.product-type.application";
		};
/* End PBXNativeTarget section */

/* Begin PBXProject section */
		F5C4ED08269432BB003CF9F4 /* Project object */ = {
			isa = PBXProject;
			attributes = {
				LastSwiftUpdateCheck = 1240;
				LastUpgradeCheck = 1240;
				TargetAttributes = {
					F5C4ED0F269432BB003CF9F4 = {
						CreatedOnToolsVersion = 12.4;
					};
				};
			};
			buildConfigurationList = F5C4ED0B269432BB003CF9F4 /* Build configuration list for PBXProject "mvc example" */;
			compatibilityVersion = "Xcode 9.3";
			developmentRegion = en;
			hasScannedForEncodings = 0;
			knownRegions = (
				en,
				Base,
			);
			mainGroup = F5C4ED07269432BB003CF9F4;
			productRefGroup = F5C4ED11269432BB003CF9F4 /* Products */;
			projectDirPath = "";
			projectRoot = "";
			targets = (
				F5C4ED0F269432BB003CF9F4 /* mvc example */,
			);
		};
/* End PBXProject section */

/* Begin PBXResourcesBuildPhase section */
		F5C4ED0E269432BB003CF9F4 /* Resources */ = {
			isa = PBXResourcesBuildPhase;
			buildActionMask = 2147483647;
			files = (
				F5C4ED20269432BF003CF9F4 /* LaunchScreen.storyboard in Resources */,
				F5C4ED1D269432BF003CF9F4 /* Assets.xcassets in Resources */,
				F5C4ED1B269432BB003CF9F4 /* Main.storyboard in Resources */,
			);
			runOnlyForDeploymentPostprocessing = 0;
		};
/* End PBXResourcesBuildPhase section */

/* Begin PBXSourcesBuildPhase section */
		F5C4ED0C269432BB003CF9F4 /* Sources */ = {
			isa = PBXSourcesBuildPhase;
			buildActionMask = 2147483647;
			files = (
				F582A41826944F9B006BF227 /* CellController.swift in Sources */,
				F582A40E26943B19006BF227 /* Meal.swift in Sources */,
				F582A41B2694C071006BF227 /* MealDetailViewController.swift in Sources */,
				F582A412269445D0006BF227 /* Data Manager.swift in Sources */,
				F582A41526944E0D006BF227 /* Extension MealVCDataSourse.swift in Sources */,
				F5C4ED18269432BB003CF9F4 /* MealViewController.swift in Sources */,
				F5C4ED14269432BB003CF9F4 /* AppDelegate.swift in Sources */,
				F5C4ED16269432BB003CF9F4 /* SceneDelegate.swift in Sources */,
				F582A41E2694C4FD006BF227 /* Extension MealDetailVC.swift in Sources */,
			);
			runOnlyForDeploymentPostprocessing = 0;
		};
/* End PBXSourcesBuildPhase section */

/* Begin PBXVariantGroup section */
		F5C4ED19269432BB003CF9F4 /* Main.storyboard */ = {
			isa = PBXVariantGroup;
			children = (
				F5C4ED1A269432BB003CF9F4 /* Base */,
			);
			name = Main.storyboard;
			sourceTree = "<group>";
		};
		F5C4ED1E269432BF003CF9F4 /* LaunchScreen.storyboard */ = {
			isa = PBXVariantGroup;
			children = (
				F5C4ED1F269432BF003CF9F4 /* Base */,
			);
			name = LaunchScreen.storyboard;
			sourceTree = "<group>";
		};
/* End PBXVariantGroup section */

/* Begin XCBuildConfiguration section */
		F5C4ED22269432BF003CF9F4 /* Debug */ = {
			isa = XCBuildConfiguration;
			buildSettings = {
				ALWAYS_SEARCH_USER_PATHS = NO;
				CLANG_ANALYZER_NONNULL = YES;
				CLANG_ANALYZER_NUMBER_OBJECT_CONVERSION = YES_AGGRESSIVE;
				CLANG_CXX_LANGUAGE_STANDARD = "gnu++14";
				CLANG_CXX_LIBRARY = "libc++";
				CLANG_ENABLE_MODULES = YES;
				CLANG_ENABLE_OBJC_ARC = YES;
				CLANG_ENABLE_OBJC_WEAK = YES;
				CLANG_WARN_BLOCK_CAPTURE_AUTORELEASING = YES;
				CLANG_WARN_BOOL_CONVERSION = YES;
				CLANG_WARN_COMMA = YES;
				CLANG_WARN_CONSTANT_CONVERSION = YES;
				CLANG_WARN_DEPRECATED_OBJC_IMPLEMENTATIONS = YES;
				CLANG_WARN_DIRECT_OBJC_ISA_USAGE = YES_ERROR;
				CLANG_WARN_DOCUMENTATION_COMMENTS = YES;
				CLANG_WARN_EMPTY_BODY = YES;
				CLANG_WARN_ENUM_CONVERSION = YES;
				CLANG_WARN_INFINITE_RECURSION = YES;
				CLANG_WARN_INT_CONVERSION = YES;
				CLANG_WARN_NON_LITERAL_NULL_CONVERSION = YES;
				CLANG_WARN_OBJC_IMPLICIT_RETAIN_SELF = YES;
				CLANG_WARN_OBJC_LITERAL_CONVERSION = YES;
				CLANG_WARN_OBJC_ROOT_CLASS = YES_ERROR;
				CLANG_WARN_QUOTED_INCLUDE_IN_FRAMEWORK_HEADER = YES;
				CLANG_WARN_RANGE_LOOP_ANALYSIS = YES;
				CLANG_WARN_STRICT_PROTOTYPES = YES;
				CLANG_WARN_SUSPICIOUS_MOVE = YES;
				CLANG_WARN_UNGUARDED_AVAILABILITY = YES_AGGRESSIVE;
				CLANG_WARN_UNREACHABLE_CODE = YES;
				CLANG_WARN__DUPLICATE_METHOD_MATCH = YES;
				COPY_PHASE_STRIP = NO;
				DEBUG_INFORMATION_FORMAT = dwarf;
				ENABLE_STRICT_OBJC_MSGSEND = YES;
				ENABLE_TESTABILITY = YES;
				GCC_C_LANGUAGE_STANDARD = gnu11;
				GCC_DYNAMIC_NO_PIC = NO;
				GCC_NO_COMMON_BLOCKS = YES;
				GCC_OPTIMIZATION_LEVEL = 0;
				GCC_PREPROCESSOR_DEFINITIONS = (
					"DEBUG=1",
					"$(inherited)",
				);
				GCC_WARN_64_TO_32_BIT_CONVERSION = YES;
				GCC_WARN_ABOUT_RETURN_TYPE = YES_ERROR;
				GCC_WARN_UNDECLARED_SELECTOR = YES;
				GCC_WARN_UNINITIALIZED_AUTOS = YES_AGGRESSIVE;
				GCC_WARN_UNUSED_FUNCTION = YES;
				GCC_WARN_UNUSED_VARIABLE = YES;
				IPHONEOS_DEPLOYMENT_TARGET = 14.4;
				MTL_ENABLE_DEBUG_INFO = INCLUDE_SOURCE;
				MTL_FAST_MATH = YES;
				ONLY_ACTIVE_ARCH = YES;
				SDKROOT = iphoneos;
				SWIFT_ACTIVE_COMPILATION_CONDITIONS = DEBUG;
				SWIFT_OPTIMIZATION_LEVEL = "-Onone";
			};
			name = Debug;
		};
		F5C4ED23269432BF003CF9F4 /* Release */ = {
			isa = XCBuildConfiguration;
			buildSettings = {
				ALWAYS_SEARCH_USER_PATHS = NO;
				CLANG_ANALYZER_NONNULL = YES;
				CLANG_ANALYZER_NUMBER_OBJECT_CONVERSION = YES_AGGRESSIVE;
				CLANG_CXX_LANGUAGE_STANDARD = "gnu++14";
				CLANG_CXX_LIBRARY = "libc++";
				CLANG_ENABLE_MODULES = YES;
				CLANG_ENABLE_OBJC_ARC = YES;
				CLANG_ENABLE_OBJC_WEAK = YES;
				CLANG_WARN_BLOCK_CAPTURE_AUTORELEASING = YES;
				CLANG_WARN_BOOL_CONVERSION = YES;
				CLANG_WARN_COMMA = YES;
				CLANG_WARN_CONSTANT_CONVERSION = YES;
				CLANG_WARN_DEPRECATED_OBJC_IMPLEMENTATIONS = YES;
				CLANG_WARN_DIRECT_OBJC_ISA_USAGE = YES_ERROR;
				CLANG_WARN_DOCUMENTATION_COMMENTS = YES;
				CLANG_WARN_EMPTY_BODY = YES;
				CLANG_WARN_ENUM_CONVERSION = YES;
				CLANG_WARN_INFINITE_RECURSION = YES;
				CLANG_WARN_INT_CONVERSION = YES;
				CLANG_WARN_NON_LITERAL_NULL_CONVERSION = YES;
				CLANG_WARN_OBJC_IMPLICIT_RETAIN_SELF = YES;
				CLANG_WARN_OBJC_LITERAL_CONVERSION = YES;
				CLANG_WARN_OBJC_ROOT_CLASS = YES_ERROR;
				CLANG_WARN_QUOTED_INCLUDE_IN_FRAMEWORK_HEADER = YES;
				CLANG_WARN_RANGE_LOOP_ANALYSIS = YES;
				CLANG_WARN_STRICT_PROTOTYPES = YES;
				CLANG_WARN_SUSPICIOUS_MOVE = YES;
				CLANG_WARN_UNGUARDED_AVAILABILITY = YES_AGGRESSIVE;
				CLANG_WARN_UNREACHABLE_CODE = YES;
				CLANG_WARN__DUPLICATE_METHOD_MATCH = YES;
				COPY_PHASE_STRIP = NO;
				DEBUG_INFORMATION_FORMAT = "dwarf-with-dsym";
				ENABLE_NS_ASSERTIONS = NO;
				ENABLE_STRICT_OBJC_MSGSEND = YES;
				GCC_C_LANGUAGE_STANDARD = gnu11;
				GCC_NO_COMMON_BLOCKS = YES;
				GCC_WARN_64_TO_32_BIT_CONVERSION = YES;
				GCC_WARN_ABOUT_RETURN_TYPE = YES_ERROR;
				GCC_WARN_UNDECLARED_SELECTOR = YES;
				GCC_WARN_UNINITIALIZED_AUTOS = YES_AGGRESSIVE;
				GCC_WARN_UNUSED_FUNCTION = YES;
				GCC_WARN_UNUSED_VARIABLE = YES;
				IPHONEOS_DEPLOYMENT_TARGET = 14.4;
				MTL_ENABLE_DEBUG_INFO = NO;
				MTL_FAST_MATH = YES;
				SDKROOT = iphoneos;
				SWIFT_COMPILATION_MODE = wholemodule;
				SWIFT_OPTIMIZATION_LEVEL = "-O";
				VALIDATE_PRODUCT = YES;
			};
			name = Release;
		};
		F5C4ED25269432BF003CF9F4 /* Debug */ = {
			isa = XCBuildConfiguration;
			buildSettings = {
				ASSETCATALOG_COMPILER_APPICON_NAME = AppIcon;
				ASSETCATALOG_COMPILER_GLOBAL_ACCENT_COLOR_NAME = AccentColor;
				CODE_SIGN_STYLE = Automatic;
				DEVELOPMENT_TEAM = 2MWMY8N7DT;
				INFOPLIST_FILE = "mvc example/App/Info.plist";
				LD_RUNPATH_SEARCH_PATHS = (
					"$(inherited)",
					"@executable_path/Frameworks",
				);
				PRODUCT_BUNDLE_IDENTIFIER = "com.vzinevich.mvc-example";
				PRODUCT_NAME = "$(TARGET_NAME)";
				SWIFT_VERSION = 5.0;
				TARGETED_DEVICE_FAMILY = "1,2";
			};
			name = Debug;
		};
		F5C4ED26269432BF003CF9F4 /* Release */ = {
			isa = XCBuildConfiguration;
			buildSettings = {
				ASSETCATALOG_COMPILER_APPICON_NAME = AppIcon;
				ASSETCATALOG_COMPILER_GLOBAL_ACCENT_COLOR_NAME = AccentColor;
				CODE_SIGN_STYLE = Automatic;
				DEVELOPMENT_TEAM = 2MWMY8N7DT;
				INFOPLIST_FILE = "mvc example/App/Info.plist";
				LD_RUNPATH_SEARCH_PATHS = (
					"$(inherited)",
					"@executable_path/Frameworks",
				);
				PRODUCT_BUNDLE_IDENTIFIER = "com.vzinevich.mvc-example";
				PRODUCT_NAME = "$(TARGET_NAME)";
				SWIFT_VERSION = 5.0;
				TARGETED_DEVICE_FAMILY = "1,2";
			};
			name = Release;
		};
/* End XCBuildConfiguration section */

/* Begin XCConfigurationList section */
		F5C4ED0B269432BB003CF9F4 /* Build configuration list for PBXProject "mvc example" */ = {
			isa = XCConfigurationList;
			buildConfigurations = (
				F5C4ED22269432BF003CF9F4 /* Debug */,
				F5C4ED23269432BF003CF9F4 /* Release */,
			);
			defaultConfigurationIsVisible = 0;
			defaultConfigurationName = Release;
		};
		F5C4ED24269432BF003CF9F4 /* Build configuration list for PBXNativeTarget "mvc example" */ = {
			isa = XCConfigurationList;
			buildConfigurations = (
				F5C4ED25269432BF003CF9F4 /* Debug */,
				F5C4ED26269432BF003CF9F4 /* Release */,
			);
			defaultConfigurationIsVisible = 0;
			defaultConfigurationName = Release;
		};
/* End XCConfigurationList section */
	};
	rootObject = F5C4ED08269432BB003CF9F4 /* Project object */;
}
